Microsoft Visual Studio Solution File, Format Version 12.00
# Visual Studio 2012
Project("{FAE04EC0-301F-11D3-BF4B-00C04F79EFBC}") = "Client Godot V 2", "Client Godot V 2.csproj", "{B9943227-9470-4382-BDF1-6CA3F0ABEFC6}"
EndProject
Global
	GlobalSection(SolutionConfigurationPlatforms) = preSolution
	Debug|Any CPU = Debug|Any CPU
	ExportDebug|Any CPU = ExportDebug|Any CPU
	ExportRelease|Any CPU = ExportRelease|Any CPU
	EndGlobalSection
	GlobalSection(ProjectConfigurationPlatforms) = postSolution
		{B9943227-9470-4382-BDF1-6CA3F0ABEFC6}.Debug|Any CPU.ActiveCfg = Debug|Any CPU
		{B9943227-9470-4382-BDF1-6CA3F0ABEFC6}.Debug|Any CPU.Build.0 = Debug|Any CPU
		{B9943227-9470-4382-BDF1-6CA3F0ABEFC6}.ExportDebug|Any CPU.ActiveCfg = ExportDebug|Any CPU
		{B9943227-9470-4382-BDF1-6CA3F0ABEFC6}.ExportDebug|Any CPU.Build.0 = ExportDebug|Any CPU
		{B9943227-9470-4382-BDF1-6CA3F0ABEFC6}.ExportRelease|Any CPU.ActiveCfg = ExportRelease|Any CPU
		{B9943227-9470-4382-BDF1-6CA3F0ABEFC6}.ExportRelease|Any CPU.Build.0 = ExportRelease|Any CPU
	EndGlobalSection
EndGlobal
